// !$*UTF8*$!
{
	archiveVersion = 1;
	classes = {
	};
	objectVersion = 46;
	objects = {

/* Begin PBXBuildFile section */
		1FDF46EF9F245795C1E63E5E /* libPods-Example.a in Frameworks */ = {isa = PBXBuildFile; fileRef = 0782BD084CF3973E6632CBE0 /* libPods-Example.a */; };
		CEC650D31CB212B10025D45B /* main.m in Sources */ = {isa = PBXBuildFile; fileRef = CEC650D21CB212B10025D45B /* main.m */; };
		CEC650D61CB212B10025D45B /* AppDelegate.m in Sources */ = {isa = PBXBuildFile; fileRef = CEC650D51CB212B10025D45B /* AppDelegate.m */; };
		CEC650D91CB212B10025D45B /* ViewController.m in Sources */ = {isa = PBXBuildFile; fileRef = CEC650D81CB212B10025D45B /* ViewController.m */; };
		CEC650DC1CB212B10025D45B /* Main.storyboard in Resources */ = {isa = PBXBuildFile; fileRef = CEC650DA1CB212B10025D45B /* Main.storyboard */; };
		CEC650DE1CB212B10025D45B /* Assets.xcassets in Resources */ = {isa = PBXBuildFile; fileRef = CEC650DD1CB212B10025D45B /* Assets.xcassets */; };
		CEC650E11CB212B10025D45B /* LaunchScreen.storyboard in Resources */ = {isa = PBXBuildFile; fileRef = CEC650DF1CB212B10025D45B /* LaunchScreen.storyboard */; };
		CEE7AFF11D1383E5002703C9 /* ZWCellValue1.m in Sources */ = {isa = PBXBuildFile; fileRef = CEE7AFA11D1383E5002703C9 /* ZWCellValue1.m */; };
		CEE7AFF31D1383E5002703C9 /* ZWTableViewController.m in Sources */ = {isa = PBXBuildFile; fileRef = CEE7AFA71D1383E5002703C9 /* ZWTableViewController.m */; };
		CEE7AFF41D1383E5002703C9 /* ZWNavigationController.m in Sources */ = {isa = PBXBuildFile; fileRef = CEE7AFAA1D1383E5002703C9 /* ZWNavigationController.m */; };
		CEE7AFF51D1383E5002703C9 /* NSArray+ZW.m in Sources */ = {isa = PBXBuildFile; fileRef = CEE7AFAD1D1383E5002703C9 /* NSArray+ZW.m */; };
		CEE7AFF61D1383E5002703C9 /* NSAttributedString+ZW.m in Sources */ = {isa = PBXBuildFile; fileRef = CEE7AFAF1D1383E5002703C9 /* NSAttributedString+ZW.m */; };
		CEE7AFF71D1383E5002703C9 /* NSDate+ZW.m in Sources */ = {isa = PBXBuildFile; fileRef = CEE7AFB11D1383E5002703C9 /* NSDate+ZW.m */; };
		CEE7AFF81D1383E5002703C9 /* NSDictionary+ZW.m in Sources */ = {isa = PBXBuildFile; fileRef = CEE7AFB31D1383E5002703C9 /* NSDictionary+ZW.m */; };
		CEE7AFF91D1383E5002703C9 /* NSMutableAttributedString+ZW.m in Sources */ = {isa = PBXBuildFile; fileRef = CEE7AFB51D1383E5002703C9 /* NSMutableAttributedString+ZW.m */; };
		CEE7AFFA1D1383E5002703C9 /* NSString+ZW.m in Sources */ = {isa = PBXBuildFile; fileRef = CEE7AFB71D1383E5002703C9 /* NSString+ZW.m */; };
		CEE7AFFB1D1383E5002703C9 /* UIAlertController+ZW.m in Sources */ = {isa = PBXBuildFile; fileRef = CEE7AFB91D1383E5002703C9 /* UIAlertController+ZW.m */; };
		CEE7AFFC1D1383E5002703C9 /* UIButton+ZW.m in Sources */ = {isa = PBXBuildFile; fileRef = CEE7AFBB1D1383E5002703C9 /* UIButton+ZW.m */; };
		CEE7AFFD1D1383E5002703C9 /* UIColor+ZW.m in Sources */ = {isa = PBXBuildFile; fileRef = CEE7AFBD1D1383E5002703C9 /* UIColor+ZW.m */; };
		CEE7AFFE1D1383E5002703C9 /* UIDatePicker+ZW.m in Sources */ = {isa = PBXBuildFile; fileRef = CEE7AFBF1D1383E5002703C9 /* UIDatePicker+ZW.m */; };
		CEE7AFFF1D1383E5002703C9 /* UIImage+ZW.m in Sources */ = {isa = PBXBuildFile; fileRef = CEE7AFC11D1383E5002703C9 /* UIImage+ZW.m */; };
		CEE7B0001D1383E5002703C9 /* UIImagePickerController+ZW.m in Sources */ = {isa = PBXBuildFile; fileRef = CEE7AFC31D1383E5002703C9 /* UIImagePickerController+ZW.m */; };
		CEE7B0011D1383E5002703C9 /* UILabel+ZW.m in Sources */ = {isa = PBXBuildFile; fileRef = CEE7AFC51D1383E5002703C9 /* UILabel+ZW.m */; };
		CEE7B0021D1383E5002703C9 /* UITableView+ZW.m in Sources */ = {isa = PBXBuildFile; fileRef = CEE7AFC71D1383E5002703C9 /* UITableView+ZW.m */; };
		CEE7B0031D1383E5002703C9 /* UIView+ZW.m in Sources */ = {isa = PBXBuildFile; fileRef = CEE7AFC91D1383E5002703C9 /* UIView+ZW.m */; };
		CEE7B0041D1383E5002703C9 /* UIViewController+Request.m in Sources */ = {isa = PBXBuildFile; fileRef = CEE7AFCB1D1383E5002703C9 /* UIViewController+Request.m */; };
		CEE7B0051D1383E5002703C9 /* ZWDatePicker.m in Sources */ = {isa = PBXBuildFile; fileRef = CEE7AFCF1D1383E5002703C9 /* ZWDatePicker.m */; };
		CEE7B0061D1383E5002703C9 /* ZWHorizonPagingView.m in Sources */ = {isa = PBXBuildFile; fileRef = CEE7AFD21D1383E5002703C9 /* ZWHorizonPagingView.m */; };
		CEE7B0071D1383E5002703C9 /* ZWInputVC.m in Sources */ = {isa = PBXBuildFile; fileRef = CEE7AFD51D1383E5002703C9 /* ZWInputVC.m */; };
		CEE7B0081D1383E5002703C9 /* ZWLabelsView.m in Sources */ = {isa = PBXBuildFile; fileRef = CEE7AFD81D1383E5002703C9 /* ZWLabelsView.m */; };
		CEE7B0091D1383E5002703C9 /* ZWPageControl.m in Sources */ = {isa = PBXBuildFile; fileRef = CEE7AFDB1D1383E5002703C9 /* ZWPageControl.m */; };
		CEE7B00A1D1383E5002703C9 /* ZWTimerBtn.m in Sources */ = {isa = PBXBuildFile; fileRef = CEE7AFDE1D1383E5002703C9 /* ZWTimerBtn.m */; };
		CEE7B00B1D1383E5002703C9 /* Constants.m in Sources */ = {isa = PBXBuildFile; fileRef = CEE7AFE81D1383E5002703C9 /* Constants.m */; };
		CEE7B00C1D1383E5002703C9 /* Serve.m in Sources */ = {isa = PBXBuildFile; fileRef = CEE7AFEB1D1383E5002703C9 /* Serve.m */; };
		CEE7B00D1D1383E5002703C9 /* MBProgressHUD+MJ.m in Sources */ = {isa = PBXBuildFile; fileRef = CEE7AFEF1D1383E5002703C9 /* MBProgressHUD+MJ.m */; };
		CEE7B00E1D1383E5002703C9 /* MBProgressHUD.bundle in Resources */ = {isa = PBXBuildFile; fileRef = CEE7AFF01D1383E5002703C9 /* MBProgressHUD.bundle */; };
/* End PBXBuildFile section */

/* Begin PBXFileReference section */
		0782BD084CF3973E6632CBE0 /* libPods-Example.a */ = {isa = PBXFileReference; explicitFileType = archive.ar; includeInIndex = 0; path = "libPods-Example.a"; sourceTree = BUILT_PRODUCTS_DIR; };
		3D5A97262AC9BAD0D85EA447 /* Pods-Example.debug.xcconfig */ = {isa = PBXFileReference; includeInIndex = 1; lastKnownFileType = text.xcconfig; name = "Pods-Example.debug.xcconfig"; path = "Pods/Target Support Files/Pods-Example/Pods-Example.debug.xcconfig"; sourceTree = "<group>"; };
		A4B0651EC89E29FDA6CA7C29 /* Pods-Example.release.xcconfig */ = {isa = PBXFileReference; includeInIndex = 1; lastKnownFileType = text.xcconfig; name = "Pods-Example.release.xcconfig"; path = "Pods/Target Support Files/Pods-Example/Pods-Example.release.xcconfig"; sourceTree = "<group>"; };
		CEC650CE1CB212B10025D45B /* Example.app */ = {isa = PBXFileReference; explicitFileType = wrapper.application; includeInIndex = 0; path = Example.app; sourceTree = BUILT_PRODUCTS_DIR; };
		CEC650D21CB212B10025D45B /* main.m */ = {isa = PBXFileReference; lastKnownFileType = sourcecode.c.objc; path = main.m; sourceTree = "<group>"; };
		CEC650D41CB212B10025D45B /* AppDelegate.h */ = {isa = PBXFileReference; lastKnownFileType = sourcecode.c.h; path = AppDelegate.h; sourceTree = "<group>"; };
		CEC650D51CB212B10025D45B /* AppDelegate.m */ = {isa = PBXFileReference; lastKnownFileType = sourcecode.c.objc; path = AppDelegate.m; sourceTree = "<group>"; };
		CEC650D71CB212B10025D45B /* ViewController.h */ = {isa = PBXFileReference; lastKnownFileType = sourcecode.c.h; path = ViewController.h; sourceTree = "<group>"; };
		CEC650D81CB212B10025D45B /* ViewController.m */ = {isa = PBXFileReference; lastKnownFileType = sourcecode.c.objc; path = ViewController.m; sourceTree = "<group>"; };
		CEC650DB1CB212B10025D45B /* Base */ = {isa = PBXFileReference; lastKnownFileType = file.storyboard; name = Base; path = Base.lproj/Main.storyboard; sourceTree = "<group>"; };
		CEC650DD1CB212B10025D45B /* Assets.xcassets */ = {isa = PBXFileReference; lastKnownFileType = folder.assetcatalog; path = Assets.xcassets; sourceTree = "<group>"; };
		CEC650E01CB212B10025D45B /* Base */ = {isa = PBXFileReference; lastKnownFileType = file.storyboard; name = Base; path = Base.lproj/LaunchScreen.storyboard; sourceTree = "<group>"; };
		CEC650E21CB212B10025D45B /* Info.plist */ = {isa = PBXFileReference; lastKnownFileType = text.plist.xml; path = Info.plist; sourceTree = "<group>"; };
		CEE7AFA01D1383E5002703C9 /* ZWCellValue1.h */ = {isa = PBXFileReference; fileEncoding = 4; lastKnownFileType = sourcecode.c.h; path = ZWCellValue1.h; sourceTree = "<group>"; };
		CEE7AFA11D1383E5002703C9 /* ZWCellValue1.m */ = {isa = PBXFileReference; fileEncoding = 4; lastKnownFileType = sourcecode.c.objc; path = ZWCellValue1.m; sourceTree = "<group>"; };
		CEE7AFA61D1383E5002703C9 /* ZWTableViewController.h */ = {isa = PBXFileReference; fileEncoding = 4; lastKnownFileType = sourcecode.c.h; path = ZWTableViewController.h; sourceTree = "<group>"; };
		CEE7AFA71D1383E5002703C9 /* ZWTableViewController.m */ = {isa = PBXFileReference; fileEncoding = 4; lastKnownFileType = sourcecode.c.objc; path = ZWTableViewController.m; sourceTree = "<group>"; };
		CEE7AFA91D1383E5002703C9 /* ZWNavigationController.h */ = {isa = PBXFileReference; fileEncoding = 4; lastKnownFileType = sourcecode.c.h; path = ZWNavigationController.h; sourceTree = "<group>"; };
		CEE7AFAA1D1383E5002703C9 /* ZWNavigationController.m */ = {isa = PBXFileReference; fileEncoding = 4; lastKnownFileType = sourcecode.c.objc; path = ZWNavigationController.m; sourceTree = "<group>"; };
		CEE7AFAC1D1383E5002703C9 /* NSArray+ZW.h */ = {isa = PBXFileReference; fileEncoding = 4; lastKnownFileType = sourcecode.c.h; path = "NSArray+ZW.h"; sourceTree = "<group>"; };
		CEE7AFAD1D1383E5002703C9 /* NSArray+ZW.m */ = {isa = PBXFileReference; fileEncoding = 4; lastKnownFileType = sourcecode.c.objc; path = "NSArray+ZW.m"; sourceTree = "<group>"; };
		CEE7AFAE1D1383E5002703C9 /* NSAttributedString+ZW.h */ = {isa = PBXFileReference; fileEncoding = 4; lastKnownFileType = sourcecode.c.h; path = "NSAttributedString+ZW.h"; sourceTree = "<group>"; };
		CEE7AFAF1D1383E5002703C9 /* NSAttributedString+ZW.m */ = {isa = PBXFileReference; fileEncoding = 4; lastKnownFileType = sourcecode.c.objc; path = "NSAttributedString+ZW.m"; sourceTree = "<group>"; };
		CEE7AFB01D1383E5002703C9 /* NSDate+ZW.h */ = {isa = PBXFileReference; fileEncoding = 4; lastKnownFileType = sourcecode.c.h; path = "NSDate+ZW.h"; sourceTree = "<group>"; };
		CEE7AFB11D1383E5002703C9 /* NSDate+ZW.m */ = {isa = PBXFileReference; fileEncoding = 4; lastKnownFileType = sourcecode.c.objc; path = "NSDate+ZW.m"; sourceTree = "<group>"; };
		CEE7AFB21D1383E5002703C9 /* NSDictionary+ZW.h */ = {isa = PBXFileReference; fileEncoding = 4; lastKnownFileType = sourcecode.c.h; path = "NSDictionary+ZW.h"; sourceTree = "<group>"; };
		CEE7AFB31D1383E5002703C9 /* NSDictionary+ZW.m */ = {isa = PBXFileReference; fileEncoding = 4; lastKnownFileType = sourcecode.c.objc; path = "NSDictionary+ZW.m"; sourceTree = "<group>"; };
		CEE7AFB41D1383E5002703C9 /* NSMutableAttributedString+ZW.h */ = {isa = PBXFileReference; fileEncoding = 4; lastKnownFileType = sourcecode.c.h; path = "NSMutableAttributedString+ZW.h"; sourceTree = "<group>"; };
		CEE7AFB51D1383E5002703C9 /* NSMutableAttributedString+ZW.m */ = {isa = PBXFileReference; fileEncoding = 4; lastKnownFileType = sourcecode.c.objc; path = "NSMutableAttributedString+ZW.m"; sourceTree = "<group>"; };
		CEE7AFB61D1383E5002703C9 /* NSString+ZW.h */ = {isa = PBXFileReference; fileEncoding = 4; lastKnownFileType = sourcecode.c.h; path = "NSString+ZW.h"; sourceTree = "<group>"; };
		CEE7AFB71D1383E5002703C9 /* NSString+ZW.m */ = {isa = PBXFileReference; fileEncoding = 4; lastKnownFileType = sourcecode.c.objc; path = "NSString+ZW.m"; sourceTree = "<group>"; };
		CEE7AFB81D1383E5002703C9 /* UIAlertController+ZW.h */ = {isa = PBXFileReference; fileEncoding = 4; lastKnownFileType = sourcecode.c.h; path = "UIAlertController+ZW.h"; sourceTree = "<group>"; };
		CEE7AFB91D1383E5002703C9 /* UIAlertController+ZW.m */ = {isa = PBXFileReference; fileEncoding = 4; lastKnownFileType = sourcecode.c.objc; path = "UIAlertController+ZW.m"; sourceTree = "<group>"; };
		CEE7AFBA1D1383E5002703C9 /* UIButton+ZW.h */ = {isa = PBXFileReference; fileEncoding = 4; lastKnownFileType = sourcecode.c.h; path = "UIButton+ZW.h"; sourceTree = "<group>"; };
		CEE7AFBB1D1383E5002703C9 /* UIButton+ZW.m */ = {isa = PBXFileReference; fileEncoding = 4; lastKnownFileType = sourcecode.c.objc; path = "UIButton+ZW.m"; sourceTree = "<group>"; };
		CEE7AFBC1D1383E5002703C9 /* UIColor+ZW.h */ = {isa = PBXFileReference; fileEncoding = 4; lastKnownFileType = sourcecode.c.h; path = "UIColor+ZW.h"; sourceTree = "<group>"; };
		CEE7AFBD1D1383E5002703C9 /* UIColor+ZW.m */ = {isa = PBXFileReference; fileEncoding = 4; lastKnownFileType = sourcecode.c.objc; path = "UIColor+ZW.m"; sourceTree = "<group>"; };
		CEE7AFBE1D1383E5002703C9 /* UIDatePicker+ZW.h */ = {isa = PBXFileReference; fileEncoding = 4; lastKnownFileType = sourcecode.c.h; path = "UIDatePicker+ZW.h"; sourceTree = "<group>"; };
		CEE7AFBF1D1383E5002703C9 /* UIDatePicker+ZW.m */ = {isa = PBXFileReference; fileEncoding = 4; lastKnownFileType = sourcecode.c.objc; path = "UIDatePicker+ZW.m"; sourceTree = "<group>"; };
		CEE7AFC01D1383E5002703C9 /* UIImage+ZW.h */ = {isa = PBXFileReference; fileEncoding = 4; lastKnownFileType = sourcecode.c.h; path = "UIImage+ZW.h"; sourceTree = "<group>"; };
		CEE7AFC11D1383E5002703C9 /* UIImage+ZW.m */ = {isa = PBXFileReference; fileEncoding = 4; lastKnownFileType = sourcecode.c.objc; path = "UIImage+ZW.m"; sourceTree = "<group>"; };
		CEE7AFC21D1383E5002703C9 /* UIImagePickerController+ZW.h */ = {isa = PBXFileReference; fileEncoding = 4; lastKnownFileType = sourcecode.c.h; path = "UIImagePickerController+ZW.h"; sourceTree = "<group>"; };
		CEE7AFC31D1383E5002703C9 /* UIImagePickerController+ZW.m */ = {isa = PBXFileReference; fileEncoding = 4; lastKnownFileType = sourcecode.c.objc; path = "UIImagePickerController+ZW.m"; sourceTree = "<group>"; };
		CEE7AFC41D1383E5002703C9 /* UILabel+ZW.h */ = {isa = PBXFileReference; fileEncoding = 4; lastKnownFileType = sourcecode.c.h; path = "UILabel+ZW.h"; sourceTree = "<group>"; };
		CEE7AFC51D1383E5002703C9 /* UILabel+ZW.m */ = {isa = PBXFileReference; fileEncoding = 4; lastKnownFileType = sourcecode.c.objc; path = "UILabel+ZW.m"; sourceTree = "<group>"; };
		CEE7AFC61D1383E5002703C9 /* UITableView+ZW.h */ = {isa = PBXFileReference; fileEncoding = 4; lastKnownFileType = sourcecode.c.h; path = "UITableView+ZW.h"; sourceTree = "<group>"; };
		CEE7AFC71D1383E5002703C9 /* UITableView+ZW.m */ = {isa = PBXFileReference; fileEncoding = 4; lastKnownFileType = sourcecode.c.objc; path = "UITableView+ZW.m"; sourceTree = "<group>"; };
		CEE7AFC81D1383E5002703C9 /* UIView+ZW.h */ = {isa = PBXFileReference; fileEncoding = 4; lastKnownFileType = sourcecode.c.h; path = "UIView+ZW.h"; sourceTree = "<group>"; };
		CEE7AFC91D1383E5002703C9 /* UIView+ZW.m */ = {isa = PBXFileReference; fileEncoding = 4; lastKnownFileType = sourcecode.c.objc; path = "UIView+ZW.m"; sourceTree = "<group>"; };
		CEE7AFCA1D1383E5002703C9 /* UIViewController+Request.h */ = {isa = PBXFileReference; fileEncoding = 4; lastKnownFileType = sourcecode.c.h; path = "UIViewController+Request.h"; sourceTree = "<group>"; };
		CEE7AFCB1D1383E5002703C9 /* UIViewController+Request.m */ = {isa = PBXFileReference; fileEncoding = 4; lastKnownFileType = sourcecode.c.objc; path = "UIViewController+Request.m"; sourceTree = "<group>"; };
		CEE7AFCE1D1383E5002703C9 /* ZWDatePicker.h */ = {isa = PBXFileReference; fileEncoding = 4; lastKnownFileType = sourcecode.c.h; path = ZWDatePicker.h; sourceTree = "<group>"; };
		CEE7AFCF1D1383E5002703C9 /* ZWDatePicker.m */ = {isa = PBXFileReference; fileEncoding = 4; lastKnownFileType = sourcecode.c.objc; path = ZWDatePicker.m; sourceTree = "<group>"; };
		CEE7AFD11D1383E5002703C9 /* ZWHorizonPagingView.h */ = {isa = PBXFileReference; fileEncoding = 4; lastKnownFileType = sourcecode.c.h; path = ZWHorizonPagingView.h; sourceTree = "<group>"; };
		CEE7AFD21D1383E5002703C9 /* ZWHorizonPagingView.m */ = {isa = PBXFileReference; fileEncoding = 4; lastKnownFileType = sourcecode.c.objc; path = ZWHorizonPagingView.m; sourceTree = "<group>"; };
		CEE7AFD41D1383E5002703C9 /* ZWInputVC.h */ = {isa = PBXFileReference; fileEncoding = 4; lastKnownFileType = sourcecode.c.h; path = ZWInputVC.h; sourceTree = "<group>"; };
		CEE7AFD51D1383E5002703C9 /* ZWInputVC.m */ = {isa = PBXFileReference; fileEncoding = 4; lastKnownFileType = sourcecode.c.objc; path = ZWInputVC.m; sourceTree = "<group>"; };
		CEE7AFD71D1383E5002703C9 /* ZWLabelsView.h */ = {isa = PBXFileReference; fileEncoding = 4; lastKnownFileType = sourcecode.c.h; path = ZWLabelsView.h; sourceTree = "<group>"; };
		CEE7AFD81D1383E5002703C9 /* ZWLabelsView.m */ = {isa = PBXFileReference; fileEncoding = 4; lastKnownFileType = sourcecode.c.objc; path = ZWLabelsView.m; sourceTree = "<group>"; };
		CEE7AFDA1D1383E5002703C9 /* ZWPageControl.h */ = {isa = PBXFileReference; fileEncoding = 4; lastKnownFileType = sourcecode.c.h; path = ZWPageControl.h; sourceTree = "<group>"; };
		CEE7AFDB1D1383E5002703C9 /* ZWPageControl.m */ = {isa = PBXFileReference; fileEncoding = 4; lastKnownFileType = sourcecode.c.objc; path = ZWPageControl.m; sourceTree = "<group>"; };
		CEE7AFDD1D1383E5002703C9 /* ZWTimerBtn.h */ = {isa = PBXFileReference; fileEncoding = 4; lastKnownFileType = sourcecode.c.h; path = ZWTimerBtn.h; sourceTree = "<group>"; };
		CEE7AFDE1D1383E5002703C9 /* ZWTimerBtn.m */ = {isa = PBXFileReference; fileEncoding = 4; lastKnownFileType = sourcecode.c.objc; path = ZWTimerBtn.m; sourceTree = "<group>"; };
		CEE7AFE01D1383E5002703C9 /* ZWCategoryHeads.h */ = {isa = PBXFileReference; fileEncoding = 4; lastKnownFileType = sourcecode.c.h; path = ZWCategoryHeads.h; sourceTree = "<group>"; };
		CEE7AFE11D1383E5002703C9 /* ZWColor.h */ = {isa = PBXFileReference; fileEncoding = 4; lastKnownFileType = sourcecode.c.h; path = ZWColor.h; sourceTree = "<group>"; };
		CEE7AFE21D1383E5002703C9 /* ZWFont.h */ = {isa = PBXFileReference; fileEncoding = 4; lastKnownFileType = sourcecode.c.h; path = ZWFont.h; sourceTree = "<group>"; };
		CEE7AFE31D1383E5002703C9 /* ZWHeaders.h */ = {isa = PBXFileReference; fileEncoding = 4; lastKnownFileType = sourcecode.c.h; path = ZWHeaders.h; sourceTree = "<group>"; };
		CEE7AFE41D1383E5002703C9 /* ZWMarco.h */ = {isa = PBXFileReference; fileEncoding = 4; lastKnownFileType = sourcecode.c.h; path = ZWMarco.h; sourceTree = "<group>"; };
		CEE7AFE71D1383E5002703C9 /* Constants.h */ = {isa = PBXFileReference; fileEncoding = 4; lastKnownFileType = sourcecode.c.h; path = Constants.h; sourceTree = "<group>"; };
		CEE7AFE81D1383E5002703C9 /* Constants.m */ = {isa = PBXFileReference; fileEncoding = 4; lastKnownFileType = sourcecode.c.objc; path = Constants.m; sourceTree = "<group>"; };
		CEE7AFEA1D1383E5002703C9 /* Serve.h */ = {isa = PBXFileReference; fileEncoding = 4; lastKnownFileType = sourcecode.c.h; path = Serve.h; sourceTree = "<group>"; };
		CEE7AFEB1D1383E5002703C9 /* Serve.m */ = {isa = PBXFileReference; fileEncoding = 4; lastKnownFileType = sourcecode.c.objc; path = Serve.m; sourceTree = "<group>"; };
		CEE7AFEE1D1383E5002703C9 /* MBProgressHUD+MJ.h */ = {isa = PBXFileReference; fileEncoding = 4; lastKnownFileType = sourcecode.c.h; path = "MBProgressHUD+MJ.h"; sourceTree = "<group>"; };
		CEE7AFEF1D1383E5002703C9 /* MBProgressHUD+MJ.m */ = {isa = PBXFileReference; fileEncoding = 4; lastKnownFileType = sourcecode.c.objc; path = "MBProgressHUD+MJ.m"; sourceTree = "<group>"; };
		CEE7AFF01D1383E5002703C9 /* MBProgressHUD.bundle */ = {isa = PBXFileReference; lastKnownFileType = "wrapper.plug-in"; path = MBProgressHUD.bundle; sourceTree = "<group>"; };
		CEE7B00F1D138706002703C9 /* PrefixHeader.pch */ = {isa = PBXFileReference; lastKnownFileType = sourcecode.c.h; path = PrefixHeader.pch; sourceTree = "<group>"; };
/* End PBXFileReference section */

/* Begin PBXFrameworksBuildPhase section */
		CEC650CB1CB212B10025D45B /* Frameworks */ = {
			isa = PBXFrameworksBuildPhase;
			buildActionMask = 2147483647;
			files = (
				1FDF46EF9F245795C1E63E5E /* libPods-Example.a in Frameworks */,
			);
			runOnlyForDeploymentPostprocessing = 0;
		};
/* End PBXFrameworksBuildPhase section */

/* Begin PBXGroup section */
		6F9021D578E236FEFA9D36DA /* Frameworks */ = {
			isa = PBXGroup;
			children = (
				0782BD084CF3973E6632CBE0 /* libPods-Example.a */,
			);
			name = Frameworks;
			sourceTree = "<group>";
		};
		CEC650C51CB212B00025D45B = {
			isa = PBXGroup;
			children = (
				CEE7AF9C1D1383E5002703C9 /* ZWFramework */,
				CEC650D01CB212B10025D45B /* Example */,
				CEC650CF1CB212B10025D45B /* Products */,
				DAF770B9F246B859AF259AB7 /* Pods */,
				6F9021D578E236FEFA9D36DA /* Frameworks */,
			);
			sourceTree = "<group>";
		};
		CEC650CF1CB212B10025D45B /* Products */ = {
			isa = PBXGroup;
			children = (
				CEC650CE1CB212B10025D45B /* Example.app */,
			);
			name = Products;
			sourceTree = "<group>";
		};
		CEC650D01CB212B10025D45B /* Example */ = {
			isa = PBXGroup;
			children = (
				CEC650D41CB212B10025D45B /* AppDelegate.h */,
				CEC650D51CB212B10025D45B /* AppDelegate.m */,
				CEC650D71CB212B10025D45B /* ViewController.h */,
				CEC650D81CB212B10025D45B /* ViewController.m */,
				CEC650DA1CB212B10025D45B /* Main.storyboard */,
				CEC650DD1CB212B10025D45B /* Assets.xcassets */,
				CEC650DF1CB212B10025D45B /* LaunchScreen.storyboard */,
				CEC650E21CB212B10025D45B /* Info.plist */,
				CEC650D11CB212B10025D45B /* Supporting Files */,
				CEE7B00F1D138706002703C9 /* PrefixHeader.pch */,
			);
			path = Example;
			sourceTree = "<group>";
		};
		CEC650D11CB212B10025D45B /* Supporting Files */ = {
			isa = PBXGroup;
			children = (
				CEC650D21CB212B10025D45B /* main.m */,
			);
			name = "Supporting Files";
			sourceTree = "<group>";
		};
		CEE7AF9C1D1383E5002703C9 /* ZWFramework */ = {
			isa = PBXGroup;
			children = (
				CEE7AF9D1D1383E5002703C9 /* Base */,
				CEE7AFAB1D1383E5002703C9 /* Category */,
				CEE7AFCC1D1383E5002703C9 /* Components */,
				CEE7AFDF1D1383E5002703C9 /* Config */,
				CEE7AFE51D1383E5002703C9 /* Tools */,
				CEE7AFEC1D1383E5002703C9 /* Vendors */,
			);
			path = ZWFramework;
			sourceTree = "<group>";
		};
		CEE7AF9D1D1383E5002703C9 /* Base */ = {
			isa = PBXGroup;
			children = (
				CEE7AF9E1D1383E5002703C9 /* BaseCell */,
				CEE7AFA51D1383E5002703C9 /* BaseController */,
				CEE7AFA81D1383E5002703C9 /* BaseNavigationController */,
			);
			path = Base;
			sourceTree = "<group>";
		};
		CEE7AF9E1D1383E5002703C9 /* BaseCell */ = {
			isa = PBXGroup;
			children = (
				CEE7AF9F1D1383E5002703C9 /* ZWCellValue1 */,
			);
			path = BaseCell;
			sourceTree = "<group>";
		};
		CEE7AF9F1D1383E5002703C9 /* ZWCellValue1 */ = {
			isa = PBXGroup;
			children = (
				CEE7AFA01D1383E5002703C9 /* ZWCellValue1.h */,
				CEE7AFA11D1383E5002703C9 /* ZWCellValue1.m */,
			);
			path = ZWCellValue1;
			sourceTree = "<group>";
		};
		CEE7AFA51D1383E5002703C9 /* BaseController */ = {
			isa = PBXGroup;
			children = (
				CEE7AFA61D1383E5002703C9 /* ZWTableViewController.h */,
				CEE7AFA71D1383E5002703C9 /* ZWTableViewController.m */,
			);
			path = BaseController;
			sourceTree = "<group>";
		};
		CEE7AFA81D1383E5002703C9 /* BaseNavigationController */ = {
			isa = PBXGroup;
			children = (
				CEE7AFA91D1383E5002703C9 /* ZWNavigationController.h */,
				CEE7AFAA1D1383E5002703C9 /* ZWNavigationController.m */,
			);
			path = BaseNavigationController;
			sourceTree = "<group>";
		};
		CEE7AFAB1D1383E5002703C9 /* Category */ = {
			isa = PBXGroup;
			children = (
				CEE7AFAC1D1383E5002703C9 /* NSArray+ZW.h */,
				CEE7AFAD1D1383E5002703C9 /* NSArray+ZW.m */,
				CEE7AFAE1D1383E5002703C9 /* NSAttributedString+ZW.h */,
				CEE7AFAF1D1383E5002703C9 /* NSAttributedString+ZW.m */,
				CEE7AFB01D1383E5002703C9 /* NSDate+ZW.h */,
				CEE7AFB11D1383E5002703C9 /* NSDate+ZW.m */,
				CEE7AFB21D1383E5002703C9 /* NSDictionary+ZW.h */,
				CEE7AFB31D1383E5002703C9 /* NSDictionary+ZW.m */,
				CEE7AFB41D1383E5002703C9 /* NSMutableAttributedString+ZW.h */,
				CEE7AFB51D1383E5002703C9 /* NSMutableAttributedString+ZW.m */,
				CEE7AFB61D1383E5002703C9 /* NSString+ZW.h */,
				CEE7AFB71D1383E5002703C9 /* NSString+ZW.m */,
				CEE7AFB81D1383E5002703C9 /* UIAlertController+ZW.h */,
				CEE7AFB91D1383E5002703C9 /* UIAlertController+ZW.m */,
				CEE7AFBA1D1383E5002703C9 /* UIButton+ZW.h */,
				CEE7AFBB1D1383E5002703C9 /* UIButton+ZW.m */,
				CEE7AFBC1D1383E5002703C9 /* UIColor+ZW.h */,
				CEE7AFBD1D1383E5002703C9 /* UIColor+ZW.m */,
				CEE7AFBE1D1383E5002703C9 /* UIDatePicker+ZW.h */,
				CEE7AFBF1D1383E5002703C9 /* UIDatePicker+ZW.m */,
				CEE7AFC01D1383E5002703C9 /* UIImage+ZW.h */,
				CEE7AFC11D1383E5002703C9 /* UIImage+ZW.m */,
				CEE7AFC21D1383E5002703C9 /* UIImagePickerController+ZW.h */,
				CEE7AFC31D1383E5002703C9 /* UIImagePickerController+ZW.m */,
				CEE7AFC41D1383E5002703C9 /* UILabel+ZW.h */,
				CEE7AFC51D1383E5002703C9 /* UILabel+ZW.m */,
				CEE7AFC61D1383E5002703C9 /* UITableView+ZW.h */,
				CEE7AFC71D1383E5002703C9 /* UITableView+ZW.m */,
				CEE7AFC81D1383E5002703C9 /* UIView+ZW.h */,
				CEE7AFC91D1383E5002703C9 /* UIView+ZW.m */,
				CEE7AFCA1D1383E5002703C9 /* UIViewController+Request.h */,
				CEE7AFCB1D1383E5002703C9 /* UIViewController+Request.m */,
			);
			path = Category;
			sourceTree = "<group>";
		};
		CEE7AFCC1D1383E5002703C9 /* Components */ = {
			isa = PBXGroup;
			children = (
				CEE7AFCD1D1383E5002703C9 /* ZWDatePicker */,
				CEE7AFD01D1383E5002703C9 /* ZWHorizonPagingView */,
				CEE7AFD31D1383E5002703C9 /* ZWInputVC */,
				CEE7AFD61D1383E5002703C9 /* ZWLabelsView */,
				CEE7AFD91D1383E5002703C9 /* ZWPageControl */,
				CEE7AFDC1D1383E5002703C9 /* ZWTimerBtn */,
			);
			path = Components;
			sourceTree = "<group>";
		};
		CEE7AFCD1D1383E5002703C9 /* ZWDatePicker */ = {
			isa = PBXGroup;
			children = (
				CEE7AFCE1D1383E5002703C9 /* ZWDatePicker.h */,
				CEE7AFCF1D1383E5002703C9 /* ZWDatePicker.m */,
			);
			path = ZWDatePicker;
			sourceTree = "<group>";
		};
		CEE7AFD01D1383E5002703C9 /* ZWHorizonPagingView */ = {
			isa = PBXGroup;
			children = (
				CEE7AFD11D1383E5002703C9 /* ZWHorizonPagingView.h */,
				CEE7AFD21D1383E5002703C9 /* ZWHorizonPagingView.m */,
			);
			path = ZWHorizonPagingView;
			sourceTree = "<group>";
		};
		CEE7AFD31D1383E5002703C9 /* ZWInputVC */ = {
			isa = PBXGroup;
			children = (
				CEE7AFD41D1383E5002703C9 /* ZWInputVC.h */,
				CEE7AFD51D1383E5002703C9 /* ZWInputVC.m */,
			);
			path = ZWInputVC;
			sourceTree = "<group>";
		};
		CEE7AFD61D1383E5002703C9 /* ZWLabelsView */ = {
			isa = PBXGroup;
			children = (
				CEE7AFD71D1383E5002703C9 /* ZWLabelsView.h */,
				CEE7AFD81D1383E5002703C9 /* ZWLabelsView.m */,
			);
			path = ZWLabelsView;
			sourceTree = "<group>";
		};
		CEE7AFD91D1383E5002703C9 /* ZWPageControl */ = {
			isa = PBXGroup;
			children = (
				CEE7AFDA1D1383E5002703C9 /* ZWPageControl.h */,
				CEE7AFDB1D1383E5002703C9 /* ZWPageControl.m */,
			);
			path = ZWPageControl;
			sourceTree = "<group>";
		};
		CEE7AFDC1D1383E5002703C9 /* ZWTimerBtn */ = {
			isa = PBXGroup;
			children = (
				CEE7AFDD1D1383E5002703C9 /* ZWTimerBtn.h */,
				CEE7AFDE1D1383E5002703C9 /* ZWTimerBtn.m */,
			);
			path = ZWTimerBtn;
			sourceTree = "<group>";
		};
		CEE7AFDF1D1383E5002703C9 /* Config */ = {
			isa = PBXGroup;
			children = (
				CEE7AFE01D1383E5002703C9 /* ZWCategoryHeads.h */,
				CEE7AFE11D1383E5002703C9 /* ZWColor.h */,
				CEE7AFE21D1383E5002703C9 /* ZWFont.h */,
				CEE7AFE31D1383E5002703C9 /* ZWHeaders.h */,
				CEE7AFE41D1383E5002703C9 /* ZWMarco.h */,
			);
			path = Config;
			sourceTree = "<group>";
		};
		CEE7AFE51D1383E5002703C9 /* Tools */ = {
			isa = PBXGroup;
			children = (
				CEE7AFE61D1383E5002703C9 /* Constants */,
				CEE7AFE91D1383E5002703C9 /* Serve */,
			);
			path = Tools;
			sourceTree = "<group>";
		};
		CEE7AFE61D1383E5002703C9 /* Constants */ = {
			isa = PBXGroup;
			children = (
				CEE7AFE71D1383E5002703C9 /* Constants.h */,
				CEE7AFE81D1383E5002703C9 /* Constants.m */,
			);
			path = Constants;
			sourceTree = "<group>";
		};
		CEE7AFE91D1383E5002703C9 /* Serve */ = {
			isa = PBXGroup;
			children = (
				CEE7AFEA1D1383E5002703C9 /* Serve.h */,
				CEE7AFEB1D1383E5002703C9 /* Serve.m */,
			);
			path = Serve;
			sourceTree = "<group>";
		};
		CEE7AFEC1D1383E5002703C9 /* Vendors */ = {
			isa = PBXGroup;
			children = (
				CEE7AFED1D1383E5002703C9 /* MBProgressHUD */,
			);
			path = Vendors;
			sourceTree = "<group>";
		};
		CEE7AFED1D1383E5002703C9 /* MBProgressHUD */ = {
			isa = PBXGroup;
			children = (
				CEE7AFEE1D1383E5002703C9 /* MBProgressHUD+MJ.h */,
				CEE7AFEF1D1383E5002703C9 /* MBProgressHUD+MJ.m */,
				CEE7AFF01D1383E5002703C9 /* MBProgressHUD.bundle */,
			);
			path = MBProgressHUD;
			sourceTree = "<group>";
		};
		DAF770B9F246B859AF259AB7 /* Pods */ = {
			isa = PBXGroup;
			children = (
				3D5A97262AC9BAD0D85EA447 /* Pods-Example.debug.xcconfig */,
				A4B0651EC89E29FDA6CA7C29 /* Pods-Example.release.xcconfig */,
			);
			name = Pods;
			sourceTree = "<group>";
		};
/* End PBXGroup section */

/* Begin PBXNativeTarget section */
		CEC650CD1CB212B10025D45B /* Example */ = {
			isa = PBXNativeTarget;
			buildConfigurationList = CEC650E51CB212B10025D45B /* Build configuration list for PBXNativeTarget "Example" */;
			buildPhases = (
				F3068A194E6DC73BEB842905 /* Check Pods Manifest.lock */,
				CEC650CA1CB212B10025D45B /* Sources */,
				CEC650CB1CB212B10025D45B /* Frameworks */,
				CEC650CC1CB212B10025D45B /* Resources */,
				26ECA484C6987E976F6964CC /* Embed Pods Frameworks */,
				0E8674D2BC26B65E398FB46F /* Copy Pods Resources */,
			);
			buildRules = (
			);
			dependencies = (
			);
			name = Example;
			productName = Example;
			productReference = CEC650CE1CB212B10025D45B /* Example.app */;
			productType = "com.apple.product-type.application";
		};
/* End PBXNativeTarget section */

/* Begin PBXProject section */
		CEC650C61CB212B00025D45B /* Project object */ = {
			isa = PBXProject;
			attributes = {
				LastUpgradeCheck = 0720;
				ORGANIZATIONNAME = "曾威";
				TargetAttributes = {
					CEC650CD1CB212B10025D45B = {
						CreatedOnToolsVersion = 7.2.1;
					};
				};
			};
			buildConfigurationList = CEC650C91CB212B00025D45B /* Build configuration list for PBXProject "Example" */;
			compatibilityVersion = "Xcode 3.2";
			developmentRegion = English;
			hasScannedForEncodings = 0;
			knownRegions = (
				en,
				Base,
			);
			mainGroup = CEC650C51CB212B00025D45B;
			productRefGroup = CEC650CF1CB212B10025D45B /* Products */;
			projectDirPath = "";
			projectRoot = "";
			targets = (
				CEC650CD1CB212B10025D45B /* Example */,
			);
		};
/* End PBXProject section */

/* Begin PBXResourcesBuildPhase section */
		CEC650CC1CB212B10025D45B /* Resources */ = {
			isa = PBXResourcesBuildPhase;
			buildActionMask = 2147483647;
			files = (
				CEC650E11CB212B10025D45B /* LaunchScreen.storyboard in Resources */,
				CEE7B00E1D1383E5002703C9 /* MBProgressHUD.bundle in Resources */,
				CEC650DE1CB212B10025D45B /* Assets.xcassets in Resources */,
				CEC650DC1CB212B10025D45B /* Main.storyboard in Resources */,
			);
			runOnlyForDeploymentPostprocessing = 0;
		};
/* End PBXResourcesBuildPhase section */

/* Begin PBXShellScriptBuildPhase section */
		0E8674D2BC26B65E398FB46F /* Copy Pods Resources */ = {
			isa = PBXShellScriptBuildPhase;
			buildActionMask = 2147483647;
			files = (
			);
			inputPaths = (
			);
			name = "Copy Pods Resources";
			outputPaths = (
			);
			runOnlyForDeploymentPostprocessing = 0;
			shellPath = /bin/sh;
			shellScript = "\"${SRCROOT}/Pods/Target Support Files/Pods-Example/Pods-Example-resources.sh\"\n";
			showEnvVarsInLog = 0;
		};
		26ECA484C6987E976F6964CC /* Embed Pods Frameworks */ = {
			isa = PBXShellScriptBuildPhase;
			buildActionMask = 2147483647;
			files = (
			);
			inputPaths = (
			);
			name = "Embed Pods Frameworks";
			outputPaths = (
			);
			runOnlyForDeploymentPostprocessing = 0;
			shellPath = /bin/sh;
			shellScript = "\"${SRCROOT}/Pods/Target Support Files/Pods-Example/Pods-Example-frameworks.sh\"\n";
			showEnvVarsInLog = 0;
		};
		F3068A194E6DC73BEB842905 /* Check Pods Manifest.lock */ = {
			isa = PBXShellScriptBuildPhase;
			buildActionMask = 2147483647;
			files = (
			);
			inputPaths = (
			);
			name = "Check Pods Manifest.lock";
			outputPaths = (
			);
			runOnlyForDeploymentPostprocessing = 0;
			shellPath = /bin/sh;
			shellScript = "diff \"${PODS_ROOT}/../Podfile.lock\" \"${PODS_ROOT}/Manifest.lock\" > /dev/null\nif [[ $? != 0 ]] ; then\n    cat << EOM\nerror: The sandbox is not in sync with the Podfile.lock. Run 'pod install' or update your CocoaPods installation.\nEOM\n    exit 1\nfi\n";
			showEnvVarsInLog = 0;
		};
/* End PBXShellScriptBuildPhase section */

/* Begin PBXSourcesBuildPhase section */
		CEC650CA1CB212B10025D45B /* Sources */ = {
			isa = PBXSourcesBuildPhase;
			buildActionMask = 2147483647;
			files = (
				CEE7B0071D1383E5002703C9 /* ZWInputVC.m in Sources */,
				CEE7B00A1D1383E5002703C9 /* ZWTimerBtn.m in Sources */,
				CEE7AFFD1D1383E5002703C9 /* UIColor+ZW.m in Sources */,
				CEE7AFF11D1383E5002703C9 /* ZWCellValue1.m in Sources */,
				CEE7AFF41D1383E5002703C9 /* ZWNavigationController.m in Sources */,
				CEE7B00B1D1383E5002703C9 /* Constants.m in Sources */,
				CEC650D91CB212B10025D45B /* ViewController.m in Sources */,
				CEE7B0021D1383E5002703C9 /* UITableView+ZW.m in Sources */,
				CEE7AFFE1D1383E5002703C9 /* UIDatePicker+ZW.m in Sources */,
				CEE7B0051D1383E5002703C9 /* ZWDatePicker.m in Sources */,
				CEE7AFFB1D1383E5002703C9 /* UIAlertController+ZW.m in Sources */,
				CEE7AFFA1D1383E5002703C9 /* NSString+ZW.m in Sources */,
				CEE7AFF91D1383E5002703C9 /* NSMutableAttributedString+ZW.m in Sources */,
				CEE7AFF71D1383E5002703C9 /* NSDate+ZW.m in Sources */,
				CEE7B0011D1383E5002703C9 /* UILabel+ZW.m in Sources */,
				CEE7AFF81D1383E5002703C9 /* NSDictionary+ZW.m in Sources */,
				CEE7B00C1D1383E5002703C9 /* Serve.m in Sources */,
				CEE7B0081D1383E5002703C9 /* ZWLabelsView.m in Sources */,
				CEE7AFF51D1383E5002703C9 /* NSArray+ZW.m in Sources */,
				CEE7AFF61D1383E5002703C9 /* NSAttributedString+ZW.m in Sources */,
				CEE7B00D1D1383E5002703C9 /* MBProgressHUD+MJ.m in Sources */,
				CEE7B0091D1383E5002703C9 /* ZWPageControl.m in Sources */,
				CEE7B0001D1383E5002703C9 /* UIImagePickerController+ZW.m in Sources */,
				CEE7B0061D1383E5002703C9 /* ZWHorizonPagingView.m in Sources */,
				CEE7AFFC1D1383E5002703C9 /* UIButton+ZW.m in Sources */,
				CEE7AFF31D1383E5002703C9 /* ZWTableViewController.m in Sources */,
				CEE7B0041D1383E5002703C9 /* UIViewController+Request.m in Sources */,
				CEC650D61CB212B10025D45B /* AppDelegate.m in Sources */,
				CEE7B0031D1383E5002703C9 /* UIView+ZW.m in Sources */,
				CEE7AFFF1D1383E5002703C9 /* UIImage+ZW.m in Sources */,
				CEC650D31CB212B10025D45B /* main.m in Sources */,
			);
			runOnlyForDeploymentPostprocessing = 0;
		};
/* End PBXSourcesBuildPhase section */

/* Begin PBXVariantGroup section */
		CEC650DA1CB212B10025D45B /* Main.storyboard */ = {
			isa = PBXVariantGroup;
			children = (
				CEC650DB1CB212B10025D45B /* Base */,
			);
			name = Main.storyboard;
			sourceTree = "<group>";
		};
		CEC650DF1CB212B10025D45B /* LaunchScreen.storyboard */ = {
			isa = PBXVariantGroup;
			children = (
				CEC650E01CB212B10025D45B /* Base */,
			);
			name = LaunchScreen.storyboard;
			sourceTree = "<group>";
		};
/* End PBXVariantGroup section */

/* Begin XCBuildConfiguration section */
		CEC650E31CB212B10025D45B /* Debug */ = {
			isa = XCBuildConfiguration;
			buildSettings = {
				ALWAYS_SEARCH_USER_PATHS = NO;
				CLANG_CXX_LANGUAGE_STANDARD = "gnu++0x";
				CLANG_CXX_LIBRARY = "libc++";
				CLANG_ENABLE_MODULES = YES;
				CLANG_ENABLE_OBJC_ARC = YES;
				CLANG_WARN_BOOL_CONVERSION = YES;
				CLANG_WARN_CONSTANT_CONVERSION = YES;
				CLANG_WARN_DIRECT_OBJC_ISA_USAGE = YES_ERROR;
				CLANG_WARN_EMPTY_BODY = YES;
				CLANG_WARN_ENUM_CONVERSION = YES;
				CLANG_WARN_INT_CONVERSION = YES;
				CLANG_WARN_OBJC_ROOT_CLASS = YES_ERROR;
				CLANG_WARN_UNREACHABLE_CODE = YES;
				CLANG_WARN__DUPLICATE_METHOD_MATCH = YES;
				"CODE_SIGN_IDENTITY[sdk=iphoneos*]" = "iPhone Developer";
				COPY_PHASE_STRIP = NO;
				DEBUG_INFORMATION_FORMAT = dwarf;
				ENABLE_STRICT_OBJC_MSGSEND = YES;
				ENABLE_TESTABILITY = YES;
				GCC_C_LANGUAGE_STANDARD = gnu99;
				GCC_DYNAMIC_NO_PIC = NO;
				GCC_NO_COMMON_BLOCKS = YES;
				GCC_OPTIMIZATION_LEVEL = 0;
				GCC_PREPROCESSOR_DEFINITIONS = (
					"DEBUG=1",
					"$(inherited)",
				);
				GCC_WARN_64_TO_32_BIT_CONVERSION = YES;
				GCC_WARN_ABOUT_RETURN_TYPE = YES_ERROR;
				GCC_WARN_UNDECLARED_SELECTOR = YES;
				GCC_WARN_UNINITIALIZED_AUTOS = YES_AGGRESSIVE;
				GCC_WARN_UNUSED_FUNCTION = YES;
				GCC_WARN_UNUSED_VARIABLE = YES;
				IPHONEOS_DEPLOYMENT_TARGET = 9.2;
				MTL_ENABLE_DEBUG_INFO = YES;
				ONLY_ACTIVE_ARCH = YES;
				SDKROOT = iphoneos;
			};
			name = Debug;
		};
		CEC650E41CB212B10025D45B /* Release */ = {
			isa = XCBuildConfiguration;
			buildSettings = {
				ALWAYS_SEARCH_USER_PATHS = NO;
				CLANG_CXX_LANGUAGE_STANDARD = "gnu++0x";
				CLANG_CXX_LIBRARY = "libc++";
				CLANG_ENABLE_MODULES = YES;
				CLANG_ENABLE_OBJC_ARC = YES;
				CLANG_WARN_BOOL_CONVERSION = YES;
				CLANG_WARN_CONSTANT_CONVERSION = YES;
				CLANG_WARN_DIRECT_OBJC_ISA_USAGE = YES_ERROR;
				CLANG_WARN_EMPTY_BODY = YES;
				CLANG_WARN_ENUM_CONVERSION = YES;
				CLANG_WARN_INT_CONVERSION = YES;
				CLANG_WARN_OBJC_ROOT_CLASS = YES_ERROR;
				CLANG_WARN_UNREACHABLE_CODE = YES;
				CLANG_WARN__DUPLICATE_METHOD_MATCH = YES;
				"CODE_SIGN_IDENTITY[sdk=iphoneos*]" = "iPhone Developer";
				COPY_PHASE_STRIP = NO;
				DEBUG_INFORMATION_FORMAT = "dwarf-with-dsym";
				ENABLE_NS_ASSERTIONS = NO;
				ENABLE_STRICT_OBJC_MSGSEND = YES;
				GCC_C_LANGUAGE_STANDARD = gnu99;
				GCC_NO_COMMON_BLOCKS = YES;
				GCC_WARN_64_TO_32_BIT_CONVERSION = YES;
				GCC_WARN_ABOUT_RETURN_TYPE = YES_ERROR;
				GCC_WARN_UNDECLARED_SELECTOR = YES;
				GCC_WARN_UNINITIALIZED_AUTOS = YES_AGGRESSIVE;
				GCC_WARN_UNUSED_FUNCTION = YES;
				GCC_WARN_UNUSED_VARIABLE = YES;
				IPHONEOS_DEPLOYMENT_TARGET = 9.2;
				MTL_ENABLE_DEBUG_INFO = NO;
				SDKROOT = iphoneos;
				VALIDATE_PRODUCT = YES;
			};
			name = Release;
		};
		CEC650E61CB212B10025D45B /* Debug */ = {
			isa = XCBuildConfiguration;
			baseConfigurationReference = 3D5A97262AC9BAD0D85EA447 /* Pods-Example.debug.xcconfig */;
			buildSettings = {
				ASSETCATALOG_COMPILER_APPICON_NAME = AppIcon;
				ENABLE_BITCODE = NO;
				GCC_PRECOMPILE_PREFIX_HEADER = YES;
				GCC_PREFIX_HEADER = "$(SRCROOT)/Example/PrefixHeader.pch";
				INFOPLIST_FILE = Example/Info.plist;
				IPHONEOS_DEPLOYMENT_TARGET = 7.0;
				LD_RUNPATH_SEARCH_PATHS = "$(inherited) @executable_path/Frameworks";
				PRODUCT_BUNDLE_IDENTIFIER = "---.Example";
				PRODUCT_NAME = "$(TARGET_NAME)";
			};
			name = Debug;
		};
		CEC650E71CB212B10025D45B /* Release */ = {
			isa = XCBuildConfiguration;
			baseConfigurationReference = A4B0651EC89E29FDA6CA7C29 /* Pods-Example.release.xcconfig */;
			buildSettings = {
				ASSETCATALOG_COMPILER_APPICON_NAME = AppIcon;
				ENABLE_BITCODE = NO;
				GCC_PRECOMPILE_PREFIX_HEADER = YES;
				GCC_PREFIX_HEADER = "$(SRCROOT)/Example/PrefixHeader.pch";
				INFOPLIST_FILE = Example/Info.plist;
				IPHONEOS_DEPLOYMENT_TARGET = 7.0;
				LD_RUNPATH_SEARCH_PATHS = "$(inherited) @executable_path/Frameworks";
				PRODUCT_BUNDLE_IDENTIFIER = "---.Example";
				PRODUCT_NAME = "$(TARGET_NAME)";
			};
			name = Release;
		};
/* End XCBuildConfiguration section */

/* Begin XCConfigurationList section */
		CEC650C91CB212B00025D45B /* Build configuration list for PBXProject "Example" */ = {
			isa = XCConfigurationList;
			buildConfigurations = (
				CEC650E31CB212B10025D45B /* Debug */,
				CEC650E41CB212B10025D45B /* Release */,
			);
			defaultConfigurationIsVisible = 0;
			defaultConfigurationName = Release;
		};
		CEC650E51CB212B10025D45B /* Build configuration list for PBXNativeTarget "Example" */ = {
			isa = XCConfigurationList;
			buildConfigurations = (
				CEC650E61CB212B10025D45B /* Debug */,
				CEC650E71CB212B10025D45B /* Release */,
			);
			defaultConfigurationIsVisible = 0;
			defaultConfigurationName = Release;
		};
/* End XCConfigurationList section */
	};
	rootObject = CEC650C61CB212B00025D45B /* Project object */;
}
